# THIS IS AN AUTOGENERATED FILE. DO NOT EDIT THIS FILE DIRECTLY.
# yarn lockfile v1


nan@^2.17.0:
  version "2.18.0"
  resolved "https://registry.yarnpkg.com/nan/-/nan-2.18.0.tgz#26a6faae7ffbeb293a39660e88a76b82e30b7554"
  integrity sha512-W7tfG7vMOGtD30sHoZSSc/JVYiyDPEyQVso/Zz+/uQd0B0L46gtC+pHha5FFMRpil6fm/AoEcRWyOVi4+E/f8w==

node-pty@^1.0.0:
  version "1.0.0"
  resolved "https://registry.yarnpkg.com/node-pty/-/node-pty-1.0.0.tgz#7daafc0aca1c4ca3de15c61330373af4af5861fd"
  integrity sha512-wtBMWWS7dFZm/VgqElrTvtfMq4GzJ6+edFI0Y0zyzygUSZMgZdraDUMUhCIvkjhJjme15qWmbyJbtAx4ot4uZA==
  dependencies:
    nan "^2.17.0"
